
Microsoft Visual Studio Solution File, Format Version 12.00
# Visual Studio Version 17
VisualStudioVersion = 17.5.002.0
MinimumVisualStudioVersion = 10.0.40219.1
Project("{9A19103F-16F7-4668-BE54-9A1E7A4F7556}") = "ShuffleInventory", "ShuffleInventory.csproj", "{9F7F3A03-80A2-4CDC-9B4A-8892F42A371B}"
EndProject
Global
	GlobalSection(SolutionConfigurationPlatforms) = preSolution
		Debug|Any CPU = Debug|Any CPU
		Release|Any CPU = Release|Any CPU
	EndGlobalSection
	GlobalSection(ProjectConfigurationPlatforms) = postSolution
		{9F7F3A03-80A2-4CDC-9B4A-8892F42A371B}.Debug|Any CPU.ActiveCfg = Debug|Any CPU
		{9F7F3A03-80A2-4CDC-9B4A-8892F42A371B}.Debug|Any CPU.Build.0 = Debug|Any CPU
		{9F7F3A03-80A2-4CDC-9B4A-8892F42A371B}.Release|Any CPU.ActiveCfg = Release|Any CPU
		{9F7F3A03-80A2-4CDC-9B4A-8892F42A371B}.Release|Any CPU.Build.0 = Release|Any CPU
	EndGlobalSection
	GlobalSection(SolutionProperties) = preSolution
		HideSolutionNode = FALSE
	EndGlobalSection
	GlobalSection(ExtensibilityGlobals) = postSolution
		SolutionGuid = {D99F0A1C-50E5-4494-8BCA-42BB806567A3}
	EndGlobalSection
EndGlobal
